// !$*UTF8*$!
{
	archiveVersion = 1;
	classes = {
	};
	objectVersion = 46;
	objects = {

/* Begin PBXBuildFile section */
		0219FCE2183EF1560080A1F1 /* HelpViewController.m in Sources */ = {isa = PBXBuildFile; fileRef = 0219FCE1183EF1560080A1F1 /* HelpViewController.m */; };
		0219FCE3183EF1560080A1F1 /* HelpViewController.m in Sources */ = {isa = PBXBuildFile; fileRef = 0219FCE1183EF1560080A1F1 /* HelpViewController.m */; };
		0219FCE6183EFBF80080A1F1 /* ProfileViewController.m in Sources */ = {isa = PBXBuildFile; fileRef = 0219FCE5183EFBF80080A1F1 /* ProfileViewController.m */; };
		0219FCE7183EFBF80080A1F1 /* ProfileViewController.m in Sources */ = {isa = PBXBuildFile; fileRef = 0219FCE5183EFBF80080A1F1 /* ProfileViewController.m */; };
		0219FCEA183EFE2D0080A1F1 /* JoinRoomViewController.m in Sources */ = {isa = PBXBuildFile; fileRef = 0219FCE9183EFE2D0080A1F1 /* JoinRoomViewController.m */; };
		0219FCEB183EFE2D0080A1F1 /* JoinRoomViewController.m in Sources */ = {isa = PBXBuildFile; fileRef = 0219FCE9183EFE2D0080A1F1 /* JoinRoomViewController.m */; };
		0219FCEE183EFEEA0080A1F1 /* CreateRoomViewController.m in Sources */ = {isa = PBXBuildFile; fileRef = 0219FCED183EFEEA0080A1F1 /* CreateRoomViewController.m */; };
		0219FCEF183EFEEA0080A1F1 /* CreateRoomViewController.m in Sources */ = {isa = PBXBuildFile; fileRef = 0219FCED183EFEEA0080A1F1 /* CreateRoomViewController.m */; };
		0220CB48182C977F006C10A8 /* Foundation.framework in Frameworks */ = {isa = PBXBuildFile; fileRef = 0220CB47182C977F006C10A8 /* Foundation.framework */; };
		0220CB4A182C977F006C10A8 /* CoreGraphics.framework in Frameworks */ = {isa = PBXBuildFile; fileRef = 0220CB49182C977F006C10A8 /* CoreGraphics.framework */; };
		0220CB4C182C977F006C10A8 /* UIKit.framework in Frameworks */ = {isa = PBXBuildFile; fileRef = 0220CB4B182C977F006C10A8 /* UIKit.framework */; };
		0220CB52182C977F006C10A8 /* InfoPlist.strings in Resources */ = {isa = PBXBuildFile; fileRef = 0220CB50182C977F006C10A8 /* InfoPlist.strings */; };
		0220CB54182C977F006C10A8 /* main.m in Sources */ = {isa = PBXBuildFile; fileRef = 0220CB53182C977F006C10A8 /* main.m */; };
		0220CB58182C977F006C10A8 /* AppDelegate.m in Sources */ = {isa = PBXBuildFile; fileRef = 0220CB57182C977F006C10A8 /* AppDelegate.m */; };
		0220CB5A182C977F006C10A8 /* Images.xcassets in Resources */ = {isa = PBXBuildFile; fileRef = 0220CB59182C977F006C10A8 /* Images.xcassets */; };
		0220CB61182C977F006C10A8 /* XCTest.framework in Frameworks */ = {isa = PBXBuildFile; fileRef = 0220CB60182C977F006C10A8 /* XCTest.framework */; };
		0220CB62182C977F006C10A8 /* Foundation.framework in Frameworks */ = {isa = PBXBuildFile; fileRef = 0220CB47182C977F006C10A8 /* Foundation.framework */; };
		0220CB63182C977F006C10A8 /* UIKit.framework in Frameworks */ = {isa = PBXBuildFile; fileRef = 0220CB4B182C977F006C10A8 /* UIKit.framework */; };
		0220CB6B182C977F006C10A8 /* InfoPlist.strings in Resources */ = {isa = PBXBuildFile; fileRef = 0220CB69182C977F006C10A8 /* InfoPlist.strings */; };
		0220CB6D182C977F006C10A8 /* Music_ProjectTests.m in Sources */ = {isa = PBXBuildFile; fileRef = 0220CB6C182C977F006C10A8 /* Music_ProjectTests.m */; };
		0220CB7F183DD50F006C10A8 /* MainViewController.m in Sources */ = {isa = PBXBuildFile; fileRef = 0220CB7E183DD50F006C10A8 /* MainViewController.m */; };
		0220CB80183DD50F006C10A8 /* MainViewController.m in Sources */ = {isa = PBXBuildFile; fileRef = 0220CB7E183DD50F006C10A8 /* MainViewController.m */; };
		023D1A5218A0127B009CA940 /* Icon.png in Resources */ = {isa = PBXBuildFile; fileRef = 023D1A5118A0127B009CA940 /* Icon.png */; };
		023D1A5318A0127B009CA940 /* Icon.png in Resources */ = {isa = PBXBuildFile; fileRef = 023D1A5118A0127B009CA940 /* Icon.png */; };
		023D1A5518A056A3009CA940 /* MobileCoreServices.framework in Frameworks */ = {isa = PBXBuildFile; fileRef = 023D1A5418A056A3009CA940 /* MobileCoreServices.framework */; };
		02CBB022188382C8008AF034 /* MultipeerConnectivity.framework in Frameworks */ = {isa = PBXBuildFile; fileRef = 02CBB021188382C8008AF034 /* MultipeerConnectivity.framework */; };
		02CBB02518838817008AF034 /* ViewController.m in Sources */ = {isa = PBXBuildFile; fileRef = 02CBB02418838817008AF034 /* ViewController.m */; };
		02CBB02618838817008AF034 /* ViewController.m in Sources */ = {isa = PBXBuildFile; fileRef = 02CBB02418838817008AF034 /* ViewController.m */; };
		945B78431895812500C26AAA /* MainStoryboard.storyboard in Resources */ = {isa = PBXBuildFile; fileRef = 945B78421895812500C26AAA /* MainStoryboard.storyboard */; };
		945B78621895822E00C26AAA /* NSMutableArray+QueueMethods.m in Sources */ = {isa = PBXBuildFile; fileRef = 945B78471895822E00C26AAA /* NSMutableArray+QueueMethods.m */; };
		945B78631895822E00C26AAA /* TDAudioFileStream.m in Sources */ = {isa = PBXBuildFile; fileRef = 945B784A1895822E00C26AAA /* TDAudioFileStream.m */; };
		945B78641895822E00C26AAA /* TDAudioQueue.m in Sources */ = {isa = PBXBuildFile; fileRef = 945B784C1895822E00C26AAA /* TDAudioQueue.m */; };
		945B78651895822E00C26AAA /* TDAudioQueueBuffer.m in Sources */ = {isa = PBXBuildFile; fileRef = 945B784E1895822E00C26AAA /* TDAudioQueueBuffer.m */; };
		945B78661895822E00C26AAA /* TDAudioQueueBufferManager.m in Sources */ = {isa = PBXBuildFile; fileRef = 945B78501895822E00C26AAA /* TDAudioQueueBufferManager.m */; };
		945B78671895822E00C26AAA /* TDAudioQueueController.m in Sources */ = {isa = PBXBuildFile; fileRef = 945B78521895822E00C26AAA /* TDAudioQueueController.m */; };
		945B78681895822E00C26AAA /* TDAudioQueueFiller.m in Sources */ = {isa = PBXBuildFile; fileRef = 945B78541895822E00C26AAA /* TDAudioQueueFiller.m */; };
		945B78691895822E00C26AAA /* TDAudioStream.m in Sources */ = {isa = PBXBuildFile; fileRef = 945B78561895822E00C26AAA /* TDAudioStream.m */; };
		945B786A1895822E00C26AAA /* TDAudioInputStreamer.m in Sources */ = {isa = PBXBuildFile; fileRef = 945B78581895822E00C26AAA /* TDAudioInputStreamer.m */; };
		945B786B1895822E00C26AAA /* TDAudioOutputStreamer.m in Sources */ = {isa = PBXBuildFile; fileRef = 945B785A1895822E00C26AAA /* TDAudioOutputStreamer.m */; };
		945B786C1895822E00C26AAA /* TDAudioStreamer.m in Sources */ = {isa = PBXBuildFile; fileRef = 945B785C1895822E00C26AAA /* TDAudioStreamer.m */; };
		945B786D1895822E00C26AAA /* TDAudioStreamerConstants.m in Sources */ = {isa = PBXBuildFile; fileRef = 945B785E1895822E00C26AAA /* TDAudioStreamerConstants.m */; };
		945B786E1895822E00C26AAA /* TDSession.m in Sources */ = {isa = PBXBuildFile; fileRef = 945B78611895822E00C26AAA /* TDSession.m */; };
		945B78711895829C00C26AAA /* CreateRoomMenuViewController.m in Sources */ = {isa = PBXBuildFile; fileRef = 945B786F1895829C00C26AAA /* CreateRoomMenuViewController.m */; };
/* End PBXBuildFile section */

/* Begin PBXContainerItemProxy section */
		0220CB64182C977F006C10A8 /* PBXContainerItemProxy */ = {
			isa = PBXContainerItemProxy;
			containerPortal = 0220CB3C182C977F006C10A8 /* Project object */;
			proxyType = 1;
			remoteGlobalIDString = 0220CB43182C977F006C10A8;
			remoteInfo = "Music Project";
		};
/* End PBXContainerItemProxy section */

/* Begin PBXFileReference section */
		0219FCE0183EF1560080A1F1 /* HelpViewController.h */ = {isa = PBXFileReference; fileEncoding = 4; lastKnownFileType = sourcecode.c.h; name = HelpViewController.h; path = ../HelpViewController.h; sourceTree = "<group>"; };
		0219FCE1183EF1560080A1F1 /* HelpViewController.m */ = {isa = PBXFileReference; fileEncoding = 4; lastKnownFileType = sourcecode.c.objc; name = HelpViewController.m; path = ../HelpViewController.m; sourceTree = "<group>"; };
		0219FCE4183EFBF80080A1F1 /* ProfileViewController.h */ = {isa = PBXFileReference; fileEncoding = 4; lastKnownFileType = sourcecode.c.h; path = ProfileViewController.h; sourceTree = "<group>"; };
		0219FCE5183EFBF80080A1F1 /* ProfileViewController.m */ = {isa = PBXFileReference; fileEncoding = 4; lastKnownFileType = sourcecode.c.objc; path = ProfileViewController.m; sourceTree = "<group>"; };
		0219FCE8183EFE2D0080A1F1 /* JoinRoomViewController.h */ = {isa = PBXFileReference; fileEncoding = 4; lastKnownFileType = sourcecode.c.h; path = JoinRoomViewController.h; sourceTree = "<group>"; };
		0219FCE9183EFE2D0080A1F1 /* JoinRoomViewController.m */ = {isa = PBXFileReference; fileEncoding = 4; lastKnownFileType = sourcecode.c.objc; path = JoinRoomViewController.m; sourceTree = "<group>"; };
		0219FCEC183EFEEA0080A1F1 /* CreateRoomViewController.h */ = {isa = PBXFileReference; fileEncoding = 4; lastKnownFileType = sourcecode.c.h; path = CreateRoomViewController.h; sourceTree = "<group>"; };
		0219FCED183EFEEA0080A1F1 /* CreateRoomViewController.m */ = {isa = PBXFileReference; fileEncoding = 4; lastKnownFileType = sourcecode.c.objc; path = CreateRoomViewController.m; sourceTree = "<group>"; };
		0220CB44182C977F006C10A8 /* Music Project.app */ = {isa = PBXFileReference; explicitFileType = wrapper.application; includeInIndex = 0; path = "Music Project.app"; sourceTree = BUILT_PRODUCTS_DIR; };
		0220CB47182C977F006C10A8 /* Foundation.framework */ = {isa = PBXFileReference; lastKnownFileType = wrapper.framework; name = Foundation.framework; path = System/Library/Frameworks/Foundation.framework; sourceTree = SDKROOT; };
		0220CB49182C977F006C10A8 /* CoreGraphics.framework */ = {isa = PBXFileReference; lastKnownFileType = wrapper.framework; name = CoreGraphics.framework; path = System/Library/Frameworks/CoreGraphics.framework; sourceTree = SDKROOT; };
		0220CB4B182C977F006C10A8 /* UIKit.framework */ = {isa = PBXFileReference; lastKnownFileType = wrapper.framework; name = UIKit.framework; path = System/Library/Frameworks/UIKit.framework; sourceTree = SDKROOT; };
		0220CB4F182C977F006C10A8 /* Music Project-Info.plist */ = {isa = PBXFileReference; lastKnownFileType = text.plist.xml; path = "Music Project-Info.plist"; sourceTree = "<group>"; };
		0220CB51182C977F006C10A8 /* en */ = {isa = PBXFileReference; lastKnownFileType = text.plist.strings; name = en; path = en.lproj/InfoPlist.strings; sourceTree = "<group>"; };
		0220CB53182C977F006C10A8 /* main.m */ = {isa = PBXFileReference; lastKnownFileType = sourcecode.c.objc; path = main.m; sourceTree = "<group>"; };
		0220CB55182C977F006C10A8 /* Music Project-Prefix.pch */ = {isa = PBXFileReference; lastKnownFileType = sourcecode.c.h; path = "Music Project-Prefix.pch"; sourceTree = "<group>"; };
		0220CB56182C977F006C10A8 /* AppDelegate.h */ = {isa = PBXFileReference; lastKnownFileType = sourcecode.c.h; path = AppDelegate.h; sourceTree = "<group>"; };
		0220CB57182C977F006C10A8 /* AppDelegate.m */ = {isa = PBXFileReference; lastKnownFileType = sourcecode.c.objc; path = AppDelegate.m; sourceTree = "<group>"; };
		0220CB59182C977F006C10A8 /* Images.xcassets */ = {isa = PBXFileReference; lastKnownFileType = folder.assetcatalog; path = Images.xcassets; sourceTree = "<group>"; };
		0220CB5F182C977F006C10A8 /* Music ProjectTests.xctest */ = {isa = PBXFileReference; explicitFileType = wrapper.cfbundle; includeInIndex = 0; path = "Music ProjectTests.xctest"; sourceTree = BUILT_PRODUCTS_DIR; };
		0220CB60182C977F006C10A8 /* XCTest.framework */ = {isa = PBXFileReference; lastKnownFileType = wrapper.framework; name = XCTest.framework; path = Library/Frameworks/XCTest.framework; sourceTree = DEVELOPER_DIR; };
		0220CB68182C977F006C10A8 /* Music ProjectTests-Info.plist */ = {isa = PBXFileReference; lastKnownFileType = text.plist.xml; path = "Music ProjectTests-Info.plist"; sourceTree = "<group>"; };
		0220CB6A182C977F006C10A8 /* en */ = {isa = PBXFileReference; lastKnownFileType = text.plist.strings; name = en; path = en.lproj/InfoPlist.strings; sourceTree = "<group>"; };
		0220CB6C182C977F006C10A8 /* Music_ProjectTests.m */ = {isa = PBXFileReference; lastKnownFileType = sourcecode.c.objc; path = Music_ProjectTests.m; sourceTree = "<group>"; };
		0220CB7D183DD50F006C10A8 /* MainViewController.h */ = {isa = PBXFileReference; fileEncoding = 4; lastKnownFileType = sourcecode.c.h; path = MainViewController.h; sourceTree = "<group>"; };
		0220CB7E183DD50F006C10A8 /* MainViewController.m */ = {isa = PBXFileReference; fileEncoding = 4; lastKnownFileType = sourcecode.c.objc; path = MainViewController.m; sourceTree = "<group>"; };
		023D1A5118A0127B009CA940 /* Icon.png */ = {isa = PBXFileReference; lastKnownFileType = image.png; path = Icon.png; sourceTree = "<group>"; };
		023D1A5418A056A3009CA940 /* MobileCoreServices.framework */ = {isa = PBXFileReference; lastKnownFileType = wrapper.framework; name = MobileCoreServices.framework; path = System/Library/Frameworks/MobileCoreServices.framework; sourceTree = SDKROOT; };
		02CBB021188382C8008AF034 /* MultipeerConnectivity.framework */ = {isa = PBXFileReference; lastKnownFileType = wrapper.framework; name = MultipeerConnectivity.framework; path = System/Library/Frameworks/MultipeerConnectivity.framework; sourceTree = SDKROOT; };
		02CBB0231883880B008AF034 /* ViewController.h */ = {isa = PBXFileReference; fileEncoding = 4; lastKnownFileType = sourcecode.c.h; path = ViewController.h; sourceTree = "<group>"; };
		02CBB02418838817008AF034 /* ViewController.m */ = {isa = PBXFileReference; fileEncoding = 4; lastKnownFileType = sourcecode.c.objc; path = ViewController.m; sourceTree = "<group>"; };
		945B78421895812500C26AAA /* MainStoryboard.storyboard */ = {isa = PBXFileReference; fileEncoding = 4; lastKnownFileType = file.storyboard; path = MainStoryboard.storyboard; sourceTree = "<group>"; };
		945B78461895822E00C26AAA /* NSMutableArray+QueueMethods.h */ = {isa = PBXFileReference; fileEncoding = 4; lastKnownFileType = sourcecode.c.h; path = "NSMutableArray+QueueMethods.h"; sourceTree = "<group>"; };
		945B78471895822E00C26AAA /* NSMutableArray+QueueMethods.m */ = {isa = PBXFileReference; fileEncoding = 4; lastKnownFileType = sourcecode.c.objc; path = "NSMutableArray+QueueMethods.m"; sourceTree = "<group>"; };
		945B78491895822E00C26AAA /* TDAudioFileStream.h */ = {isa = PBXFileReference; fileEncoding = 4; lastKnownFileType = sourcecode.c.h; path = TDAudioFileStream.h; sourceTree = "<group>"; };
		945B784A1895822E00C26AAA /* TDAudioFileStream.m */ = {isa = PBXFileReference; fileEncoding = 4; lastKnownFileType = sourcecode.c.objc; path = TDAudioFileStream.m; sourceTree = "<group>"; };
		945B784B1895822E00C26AAA /* TDAudioQueue.h */ = {isa = PBXFileReference; fileEncoding = 4; lastKnownFileType = sourcecode.c.h; path = TDAudioQueue.h; sourceTree = "<group>"; };
		945B784C1895822E00C26AAA /* TDAudioQueue.m */ = {isa = PBXFileReference; fileEncoding = 4; lastKnownFileType = sourcecode.c.objc; path = TDAudioQueue.m; sourceTree = "<group>"; };
		945B784D1895822E00C26AAA /* TDAudioQueueBuffer.h */ = {isa = PBXFileReference; fileEncoding = 4; lastKnownFileType = sourcecode.c.h; path = TDAudioQueueBuffer.h; sourceTree = "<group>"; };
		945B784E1895822E00C26AAA /* TDAudioQueueBuffer.m */ = {isa = PBXFileReference; fileEncoding = 4; lastKnownFileType = sourcecode.c.objc; path = TDAudioQueueBuffer.m; sourceTree = "<group>"; };
		945B784F1895822E00C26AAA /* TDAudioQueueBufferManager.h */ = {isa = PBXFileReference; fileEncoding = 4; lastKnownFileType = sourcecode.c.h; path = TDAudioQueueBufferManager.h; sourceTree = "<group>"; };
		945B78501895822E00C26AAA /* TDAudioQueueBufferManager.m */ = {isa = PBXFileReference; fileEncoding = 4; lastKnownFileType = sourcecode.c.objc; path = TDAudioQueueBufferManager.m; sourceTree = "<group>"; };
		945B78511895822E00C26AAA /* TDAudioQueueController.h */ = {isa = PBXFileReference; fileEncoding = 4; lastKnownFileType = sourcecode.c.h; path = TDAudioQueueController.h; sourceTree = "<group>"; };
		945B78521895822E00C26AAA /* TDAudioQueueController.m */ = {isa = PBXFileReference; fileEncoding = 4; lastKnownFileType = sourcecode.c.objc; path = TDAudioQueueController.m; sourceTree = "<group>"; };
		945B78531895822E00C26AAA /* TDAudioQueueFiller.h */ = {isa = PBXFileReference; fileEncoding = 4; lastKnownFileType = sourcecode.c.h; path = TDAudioQueueFiller.h; sourceTree = "<group>"; };
		945B78541895822E00C26AAA /* TDAudioQueueFiller.m */ = {isa = PBXFileReference; fileEncoding = 4; lastKnownFileType = sourcecode.c.objc; path = TDAudioQueueFiller.m; sourceTree = "<group>"; };
		945B78551895822E00C26AAA /* TDAudioStream.h */ = {isa = PBXFileReference; fileEncoding = 4; lastKnownFileType = sourcecode.c.h; path = TDAudioStream.h; sourceTree = "<group>"; };
		945B78561895822E00C26AAA /* TDAudioStream.m */ = {isa = PBXFileReference; fileEncoding = 4; lastKnownFileType = sourcecode.c.objc; path = TDAudioStream.m; sourceTree = "<group>"; };
		945B78571895822E00C26AAA /* TDAudioInputStreamer.h */ = {isa = PBXFileReference; fileEncoding = 4; lastKnownFileType = sourcecode.c.h; path = TDAudioInputStreamer.h; sourceTree = "<group>"; };
		945B78581895822E00C26AAA /* TDAudioInputStreamer.m */ = {isa = PBXFileReference; fileEncoding = 4; lastKnownFileType = sourcecode.c.objc; path = TDAudioInputStreamer.m; sourceTree = "<group>"; };
		945B78591895822E00C26AAA /* TDAudioOutputStreamer.h */ = {isa = PBXFileReference; fileEncoding = 4; lastKnownFileType = sourcecode.c.h; path = TDAudioOutputStreamer.h; sourceTree = "<group>"; };
		945B785A1895822E00C26AAA /* TDAudioOutputStreamer.m */ = {isa = PBXFileReference; fileEncoding = 4; lastKnownFileType = sourcecode.c.objc; path = TDAudioOutputStreamer.m; sourceTree = "<group>"; };
		945B785B1895822E00C26AAA /* TDAudioStreamer.h */ = {isa = PBXFileReference; fileEncoding = 4; lastKnownFileType = sourcecode.c.h; path = TDAudioStreamer.h; sourceTree = "<group>"; };
		945B785C1895822E00C26AAA /* TDAudioStreamer.m */ = {isa = PBXFileReference; fileEncoding = 4; lastKnownFileType = sourcecode.c.objc; path = TDAudioStreamer.m; sourceTree = "<group>"; };
		945B785D1895822E00C26AAA /* TDAudioStreamerConstants.h */ = {isa = PBXFileReference; fileEncoding = 4; lastKnownFileType = sourcecode.c.h; path = TDAudioStreamerConstants.h; sourceTree = "<group>"; };
		945B785E1895822E00C26AAA /* TDAudioStreamerConstants.m */ = {isa = PBXFileReference; fileEncoding = 4; lastKnownFileType = sourcecode.c.objc; path = TDAudioStreamerConstants.m; sourceTree = "<group>"; };
		945B78601895822E00C26AAA /* TDSession.h */ = {isa = PBXFileReference; fileEncoding = 4; lastKnownFileType = sourcecode.c.h; path = TDSession.h; sourceTree = "<group>"; };
		945B78611895822E00C26AAA /* TDSession.m */ = {isa = PBXFileReference; fileEncoding = 4; lastKnownFileType = sourcecode.c.objc; path = TDSession.m; sourceTree = "<group>"; };
		945B786F1895829C00C26AAA /* CreateRoomMenuViewController.m */ = {isa = PBXFileReference; fileEncoding = 4; lastKnownFileType = sourcecode.c.objc; name = CreateRoomMenuViewController.m; path = ../CreateRoomMenuViewController.m; sourceTree = "<group>"; };
		945B78701895829C00C26AAA /* CreateRoomMenuViewController.h */ = {isa = PBXFileReference; fileEncoding = 4; lastKnownFileType = sourcecode.c.h; name = CreateRoomMenuViewController.h; path = ../CreateRoomMenuViewController.h; sourceTree = "<group>"; };
/* End PBXFileReference section */

/* Begin PBXFrameworksBuildPhase section */
		0220CB41182C977F006C10A8 /* Frameworks */ = {
			isa = PBXFrameworksBuildPhase;
			buildActionMask = 2147483647;
			files = (
				023D1A5518A056A3009CA940 /* MobileCoreServices.framework in Frameworks */,
				02CBB022188382C8008AF034 /* MultipeerConnectivity.framework in Frameworks */,
				0220CB4A182C977F006C10A8 /* CoreGraphics.framework in Frameworks */,
				0220CB4C182C977F006C10A8 /* UIKit.framework in Frameworks */,
				0220CB48182C977F006C10A8 /* Foundation.framework in Frameworks */,
			);
			runOnlyForDeploymentPostprocessing = 0;
		};
		0220CB5C182C977F006C10A8 /* Frameworks */ = {
			isa = PBXFrameworksBuildPhase;
			buildActionMask = 2147483647;
			files = (
				0220CB61182C977F006C10A8 /* XCTest.framework in Frameworks */,
				0220CB63182C977F006C10A8 /* UIKit.framework in Frameworks */,
				0220CB62182C977F006C10A8 /* Foundation.framework in Frameworks */,
			);
			runOnlyForDeploymentPostprocessing = 0;
		};
/* End PBXFrameworksBuildPhase section */

/* Begin PBXGroup section */
		0220CB3B182C977F006C10A8 = {
			isa = PBXGroup;
			children = (
				0220CB4D182C977F006C10A8 /* Music Project */,
				0220CB66182C977F006C10A8 /* Music ProjectTests */,
				0220CB46182C977F006C10A8 /* Frameworks */,
				0220CB45182C977F006C10A8 /* Products */,
			);
			sourceTree = "<group>";
		};
		0220CB45182C977F006C10A8 /* Products */ = {
			isa = PBXGroup;
			children = (
				0220CB44182C977F006C10A8 /* Music Project.app */,
				0220CB5F182C977F006C10A8 /* Music ProjectTests.xctest */,
			);
			name = Products;
			sourceTree = "<group>";
		};
		0220CB46182C977F006C10A8 /* Frameworks */ = {
			isa = PBXGroup;
			children = (
				023D1A5418A056A3009CA940 /* MobileCoreServices.framework */,
				02CBB021188382C8008AF034 /* MultipeerConnectivity.framework */,
				0220CB47182C977F006C10A8 /* Foundation.framework */,
				0220CB49182C977F006C10A8 /* CoreGraphics.framework */,
				0220CB4B182C977F006C10A8 /* UIKit.framework */,
				0220CB60182C977F006C10A8 /* XCTest.framework */,
			);
			name = Frameworks;
			sourceTree = "<group>";
		};
		0220CB4D182C977F006C10A8 /* Music Project */ = {
			isa = PBXGroup;
			children = (
				945B78441895822E00C26AAA /* AudioStreamer */,
				945B78411895809E00C26AAA /* Views */,
				945B78421895812500C26AAA /* MainStoryboard.storyboard */,
				0220CB56182C977F006C10A8 /* AppDelegate.h */,
				0220CB57182C977F006C10A8 /* AppDelegate.m */,
				0220CB59182C977F006C10A8 /* Images.xcassets */,
				0220CB4E182C977F006C10A8 /* Supporting Files */,
			);
			path = "Music Project";
			sourceTree = "<group>";
		};
		0220CB4E182C977F006C10A8 /* Supporting Files */ = {
			isa = PBXGroup;
			children = (
				0220CB4F182C977F006C10A8 /* Music Project-Info.plist */,
				0220CB50182C977F006C10A8 /* InfoPlist.strings */,
				0220CB53182C977F006C10A8 /* main.m */,
				0220CB55182C977F006C10A8 /* Music Project-Prefix.pch */,
			);
			name = "Supporting Files";
			sourceTree = "<group>";
		};
		0220CB66182C977F006C10A8 /* Music ProjectTests */ = {
			isa = PBXGroup;
			children = (
				0220CB6C182C977F006C10A8 /* Music_ProjectTests.m */,
				0220CB67182C977F006C10A8 /* Supporting Files */,
			);
			path = "Music ProjectTests";
			sourceTree = "<group>";
		};
		0220CB67182C977F006C10A8 /* Supporting Files */ = {
			isa = PBXGroup;
			children = (
				023D1A5118A0127B009CA940 /* Icon.png */,
				0220CB68182C977F006C10A8 /* Music ProjectTests-Info.plist */,
				0220CB69182C977F006C10A8 /* InfoPlist.strings */,
			);
			name = "Supporting Files";
			sourceTree = "<group>";
		};
		945B78411895809E00C26AAA /* Views */ = {
			isa = PBXGroup;
			children = (
				945B78701895829C00C26AAA /* CreateRoomMenuViewController.h */,
				945B786F1895829C00C26AAA /* CreateRoomMenuViewController.m */,
				0219FCEC183EFEEA0080A1F1 /* CreateRoomViewController.h */,
				0219FCED183EFEEA0080A1F1 /* CreateRoomViewController.m */,
				0219FCE0183EF1560080A1F1 /* HelpViewController.h */,
				0219FCE1183EF1560080A1F1 /* HelpViewController.m */,
				0219FCE8183EFE2D0080A1F1 /* JoinRoomViewController.h */,
				0219FCE9183EFE2D0080A1F1 /* JoinRoomViewController.m */,
				0220CB7D183DD50F006C10A8 /* MainViewController.h */,
				0220CB7E183DD50F006C10A8 /* MainViewController.m */,
				0219FCE4183EFBF80080A1F1 /* ProfileViewController.h */,
				0219FCE5183EFBF80080A1F1 /* ProfileViewController.m */,
				02CBB0231883880B008AF034 /* ViewController.h */,
				02CBB02418838817008AF034 /* ViewController.m */,
			);
			name = Views;
			sourceTree = "<group>";
		};
		945B78441895822E00C26AAA /* AudioStreamer */ = {
			isa = PBXGroup;
			children = (
				945B785F1895822E00C26AAA /* Classes */,
				945B78451895822E00C26AAA /* Categories */,
				945B78481895822E00C26AAA /* Classes */,
				945B78571895822E00C26AAA /* TDAudioInputStreamer.h */,
				945B78581895822E00C26AAA /* TDAudioInputStreamer.m */,
				945B78591895822E00C26AAA /* TDAudioOutputStreamer.h */,
				945B785A1895822E00C26AAA /* TDAudioOutputStreamer.m */,
				945B785B1895822E00C26AAA /* TDAudioStreamer.h */,
				945B785C1895822E00C26AAA /* TDAudioStreamer.m */,
				945B785D1895822E00C26AAA /* TDAudioStreamerConstants.h */,
				945B785E1895822E00C26AAA /* TDAudioStreamerConstants.m */,
			);
			path = AudioStreamer;
			sourceTree = "<group>";
		};
		945B78451895822E00C26AAA /* Categories */ = {
			isa = PBXGroup;
			children = (
				945B78461895822E00C26AAA /* NSMutableArray+QueueMethods.h */,
				945B78471895822E00C26AAA /* NSMutableArray+QueueMethods.m */,
			);
			path = Categories;
			sourceTree = "<group>";
		};
		945B78481895822E00C26AAA /* Classes */ = {
			isa = PBXGroup;
			children = (
				945B78491895822E00C26AAA /* TDAudioFileStream.h */,
				945B784A1895822E00C26AAA /* TDAudioFileStream.m */,
				945B784B1895822E00C26AAA /* TDAudioQueue.h */,
				945B784C1895822E00C26AAA /* TDAudioQueue.m */,
				945B784D1895822E00C26AAA /* TDAudioQueueBuffer.h */,
				945B784E1895822E00C26AAA /* TDAudioQueueBuffer.m */,
				945B784F1895822E00C26AAA /* TDAudioQueueBufferManager.h */,
				945B78501895822E00C26AAA /* TDAudioQueueBufferManager.m */,
				945B78511895822E00C26AAA /* TDAudioQueueController.h */,
				945B78521895822E00C26AAA /* TDAudioQueueController.m */,
				945B78531895822E00C26AAA /* TDAudioQueueFiller.h */,
				945B78541895822E00C26AAA /* TDAudioQueueFiller.m */,
				945B78551895822E00C26AAA /* TDAudioStream.h */,
				945B78561895822E00C26AAA /* TDAudioStream.m */,
			);
			path = Classes;
			sourceTree = "<group>";
		};
		945B785F1895822E00C26AAA /* Classes */ = {
			isa = PBXGroup;
			children = (
				945B78601895822E00C26AAA /* TDSession.h */,
				945B78611895822E00C26AAA /* TDSession.m */,
			);
			name = Classes;
			path = ../Classes;
			sourceTree = "<group>";
		};
/* End PBXGroup section */

/* Begin PBXNativeTarget section */
		0220CB43182C977F006C10A8 /* Music Project */ = {
			isa = PBXNativeTarget;
			buildConfigurationList = 0220CB70182C977F006C10A8 /* Build configuration list for PBXNativeTarget "Music Project" */;
			buildPhases = (
				0220CB40182C977F006C10A8 /* Sources */,
				0220CB41182C977F006C10A8 /* Frameworks */,
				0220CB42182C977F006C10A8 /* Resources */,
			);
			buildRules = (
			);
			dependencies = (
			);
			name = "Music Project";
			productName = "Music Project";
			productReference = 0220CB44182C977F006C10A8 /* Music Project.app */;
			productType = "com.apple.product-type.application";
		};
		0220CB5E182C977F006C10A8 /* Music ProjectTests */ = {
			isa = PBXNativeTarget;
			buildConfigurationList = 0220CB73182C977F006C10A8 /* Build configuration list for PBXNativeTarget "Music ProjectTests" */;
			buildPhases = (
				0220CB5B182C977F006C10A8 /* Sources */,
				0220CB5C182C977F006C10A8 /* Frameworks */,
				0220CB5D182C977F006C10A8 /* Resources */,
			);
			buildRules = (
			);
			dependencies = (
				0220CB65182C977F006C10A8 /* PBXTargetDependency */,
			);
			name = "Music ProjectTests";
			productName = "Music ProjectTests";
			productReference = 0220CB5F182C977F006C10A8 /* Music ProjectTests.xctest */;
			productType = "com.apple.product-type.bundle.unit-test";
		};
/* End PBXNativeTarget section */

/* Begin PBXProject section */
		0220CB3C182C977F006C10A8 /* Project object */ = {
			isa = PBXProject;
			attributes = {
				LastUpgradeCheck = 0500;
				ORGANIZATIONNAME = "John Ruller";
				TargetAttributes = {
					0220CB43182C977F006C10A8 = {
						DevelopmentTeam = 3UVA6AL657;
					};
					0220CB5E182C977F006C10A8 = {
						TestTargetID = 0220CB43182C977F006C10A8;
					};
				};
			};
			buildConfigurationList = 0220CB3F182C977F006C10A8 /* Build configuration list for PBXProject "Music Project" */;
			compatibilityVersion = "Xcode 3.2";
			developmentRegion = English;
			hasScannedForEncodings = 0;
			knownRegions = (
				en,
			);
			mainGroup = 0220CB3B182C977F006C10A8;
			productRefGroup = 0220CB45182C977F006C10A8 /* Products */;
			projectDirPath = "";
			projectRoot = "";
			targets = (
				0220CB43182C977F006C10A8 /* Music Project */,
				0220CB5E182C977F006C10A8 /* Music ProjectTests */,
			);
		};
/* End PBXProject section */

/* Begin PBXResourcesBuildPhase section */
		0220CB42182C977F006C10A8 /* Resources */ = {
			isa = PBXResourcesBuildPhase;
			buildActionMask = 2147483647;
			files = (
				023D1A5218A0127B009CA940 /* Icon.png in Resources */,
				0220CB52182C977F006C10A8 /* InfoPlist.strings in Resources */,
				945B78431895812500C26AAA /* MainStoryboard.storyboard in Resources */,
				0220CB5A182C977F006C10A8 /* Images.xcassets in Resources */,
			);
			runOnlyForDeploymentPostprocessing = 0;
		};
		0220CB5D182C977F006C10A8 /* Resources */ = {
			isa = PBXResourcesBuildPhase;
			buildActionMask = 2147483647;
			files = (
				023D1A5318A0127B009CA940 /* Icon.png in Resources */,
				0220CB6B182C977F006C10A8 /* InfoPlist.strings in Resources */,
			);
			runOnlyForDeploymentPostprocessing = 0;
		};
/* End PBXResourcesBuildPhase section */

/* Begin PBXSourcesBuildPhase section */
		0220CB40182C977F006C10A8 /* Sources */ = {
			isa = PBXSourcesBuildPhase;
			buildActionMask = 2147483647;
			files = (
				945B78691895822E00C26AAA /* TDAudioStream.m in Sources */,
				0220CB58182C977F006C10A8 /* AppDelegate.m in Sources */,
				945B786E1895822E00C26AAA /* TDSession.m in Sources */,
				945B78661895822E00C26AAA /* TDAudioQueueBufferManager.m in Sources */,
				945B78671895822E00C26AAA /* TDAudioQueueController.m in Sources */,
				0220CB7F183DD50F006C10A8 /* MainViewController.m in Sources */,
				945B78631895822E00C26AAA /* TDAudioFileStream.m in Sources */,
				945B786B1895822E00C26AAA /* TDAudioOutputStreamer.m in Sources */,
				945B78711895829C00C26AAA /* CreateRoomMenuViewController.m in Sources */,
				02CBB02518838817008AF034 /* ViewController.m in Sources */,
				0220CB54182C977F006C10A8 /* main.m in Sources */,
				0219FCEA183EFE2D0080A1F1 /* JoinRoomViewController.m in Sources */,
				945B78681895822E00C26AAA /* TDAudioQueueFiller.m in Sources */,
				0219FCEE183EFEEA0080A1F1 /* CreateRoomViewController.m in Sources */,
				945B78621895822E00C26AAA /* NSMutableArray+QueueMethods.m in Sources */,
				945B78651895822E00C26AAA /* TDAudioQueueBuffer.m in Sources */,
				945B78641895822E00C26AAA /* TDAudioQueue.m in Sources */,
				945B786D1895822E00C26AAA /* TDAudioStreamerConstants.m in Sources */,
				0219FCE2183EF1560080A1F1 /* HelpViewController.m in Sources */,
				945B786C1895822E00C26AAA /* TDAudioStreamer.m in Sources */,
				945B786A1895822E00C26AAA /* TDAudioInputStreamer.m in Sources */,
				0219FCE6183EFBF80080A1F1 /* ProfileViewController.m in Sources */,
			);
			runOnlyForDeploymentPostprocessing = 0;
		};
		0220CB5B182C977F006C10A8 /* Sources */ = {
			isa = PBXSourcesBuildPhase;
			buildActionMask = 2147483647;
			files = (
				02CBB02618838817008AF034 /* ViewController.m in Sources */,
				0220CB6D182C977F006C10A8 /* Music_ProjectTests.m in Sources */,
				0219FCEF183EFEEA0080A1F1 /* CreateRoomViewController.m in Sources */,
				0219FCE3183EF1560080A1F1 /* HelpViewController.m in Sources */,
				0219FCE7183EFBF80080A1F1 /* ProfileViewController.m in Sources */,
				0220CB80183DD50F006C10A8 /* MainViewController.m in Sources */,
				0219FCEB183EFE2D0080A1F1 /* JoinRoomViewController.m in Sources */,
			);
			runOnlyForDeploymentPostprocessing = 0;
		};
/* End PBXSourcesBuildPhase section */

/* Begin PBXTargetDependency section */
		0220CB65182C977F006C10A8 /* PBXTargetDependency */ = {
			isa = PBXTargetDependency;
			target = 0220CB43182C977F006C10A8 /* Music Project */;
			targetProxy = 0220CB64182C977F006C10A8 /* PBXContainerItemProxy */;
		};
/* End PBXTargetDependency section */

/* Begin PBXVariantGroup section */
		0220CB50182C977F006C10A8 /* InfoPlist.strings */ = {
			isa = PBXVariantGroup;
			children = (
				0220CB51182C977F006C10A8 /* en */,
			);
			name = InfoPlist.strings;
			sourceTree = "<group>";
		};
		0220CB69182C977F006C10A8 /* InfoPlist.strings */ = {
			isa = PBXVariantGroup;
			children = (
				0220CB6A182C977F006C10A8 /* en */,
			);
			name = InfoPlist.strings;
			sourceTree = "<group>";
		};
/* End PBXVariantGroup section */

/* Begin XCBuildConfiguration section */
		0220CB6E182C977F006C10A8 /* Debug */ = {
			isa = XCBuildConfiguration;
			buildSettings = {
				ALWAYS_SEARCH_USER_PATHS = NO;
				ARCHS = "$(ARCHS_STANDARD_INCLUDING_64_BIT)";
				CLANG_CXX_LANGUAGE_STANDARD = "gnu++0x";
				CLANG_CXX_LIBRARY = "libc++";
				CLANG_ENABLE_MODULES = YES;
				CLANG_ENABLE_OBJC_ARC = YES;
				CLANG_WARN_BOOL_CONVERSION = YES;
				CLANG_WARN_CONSTANT_CONVERSION = YES;
				CLANG_WARN_DIRECT_OBJC_ISA_USAGE = YES_ERROR;
				CLANG_WARN_EMPTY_BODY = YES;
				CLANG_WARN_ENUM_CONVERSION = YES;
				CLANG_WARN_INT_CONVERSION = YES;
				CLANG_WARN_OBJC_ROOT_CLASS = YES_ERROR;
				CLANG_WARN__DUPLICATE_METHOD_MATCH = YES;
				"CODE_SIGN_IDENTITY[sdk=iphoneos*]" = "iPhone Developer";
				COPY_PHASE_STRIP = NO;
				GCC_C_LANGUAGE_STANDARD = gnu99;
				GCC_DYNAMIC_NO_PIC = NO;
				GCC_OPTIMIZATION_LEVEL = 0;
				GCC_PREPROCESSOR_DEFINITIONS = (
					"DEBUG=1",
					"$(inherited)",
				);
				GCC_SYMBOLS_PRIVATE_EXTERN = NO;
				GCC_WARN_64_TO_32_BIT_CONVERSION = YES;
				GCC_WARN_ABOUT_RETURN_TYPE = YES_ERROR;
				GCC_WARN_UNDECLARED_SELECTOR = YES;
				GCC_WARN_UNINITIALIZED_AUTOS = YES;
				GCC_WARN_UNUSED_FUNCTION = YES;
				GCC_WARN_UNUSED_VARIABLE = YES;
				IPHONEOS_DEPLOYMENT_TARGET = 7.0;
				ONLY_ACTIVE_ARCH = YES;
				SDKROOT = iphoneos;
			};
			name = Debug;
		};
		0220CB6F182C977F006C10A8 /* Release */ = {
			isa = XCBuildConfiguration;
			buildSettings = {
				ALWAYS_SEARCH_USER_PATHS = NO;
				ARCHS = "$(ARCHS_STANDARD_INCLUDING_64_BIT)";
				CLANG_CXX_LANGUAGE_STANDARD = "gnu++0x";
				CLANG_CXX_LIBRARY = "libc++";
				CLANG_ENABLE_MODULES = YES;
				CLANG_ENABLE_OBJC_ARC = YES;
				CLANG_WARN_BOOL_CONVERSION = YES;
				CLANG_WARN_CONSTANT_CONVERSION = YES;
				CLANG_WARN_DIRECT_OBJC_ISA_USAGE = YES_ERROR;
				CLANG_WARN_EMPTY_BODY = YES;
				CLANG_WARN_ENUM_CONVERSION = YES;
				CLANG_WARN_INT_CONVERSION = YES;
				CLANG_WARN_OBJC_ROOT_CLASS = YES_ERROR;
				CLANG_WARN__DUPLICATE_METHOD_MATCH = YES;
				"CODE_SIGN_IDENTITY[sdk=iphoneos*]" = "iPhone Developer";
				COPY_PHASE_STRIP = YES;
				ENABLE_NS_ASSERTIONS = NO;
				GCC_C_LANGUAGE_STANDARD = gnu99;
				GCC_WARN_64_TO_32_BIT_CONVERSION = YES;
				GCC_WARN_ABOUT_RETURN_TYPE = YES_ERROR;
				GCC_WARN_UNDECLARED_SELECTOR = YES;
				GCC_WARN_UNINITIALIZED_AUTOS = YES;
				GCC_WARN_UNUSED_FUNCTION = YES;
				GCC_WARN_UNUSED_VARIABLE = YES;
				IPHONEOS_DEPLOYMENT_TARGET = 7.0;
				SDKROOT = iphoneos;
				VALIDATE_PRODUCT = YES;
			};
			name = Release;
		};
		0220CB71182C977F006C10A8 /* Debug */ = {
			isa = XCBuildConfiguration;
			buildSettings = {
				ASSETCATALOG_COMPILER_APPICON_NAME = AppIcon;
				ASSETCATALOG_COMPILER_LAUNCHIMAGE_NAME = LaunchImage;
				CODE_SIGN_IDENTITY = "iPhone Developer";
				"CODE_SIGN_IDENTITY[sdk=iphoneos*]" = "iPhone Developer";
				GCC_PRECOMPILE_PREFIX_HEADER = YES;
				GCC_PREFIX_HEADER = "Music Project/Music Project-Prefix.pch";
				INFOPLIST_FILE = "Music Project/Music Project-Info.plist";
				PRODUCT_NAME = "$(TARGET_NAME)";
				PROVISIONING_PROFILE = "";
				WRAPPER_EXTENSION = app;
			};
			name = Debug;
		};
		0220CB72182C977F006C10A8 /* Release */ = {
			isa = XCBuildConfiguration;
			buildSettings = {
				ASSETCATALOG_COMPILER_APPICON_NAME = AppIcon;
				ASSETCATALOG_COMPILER_LAUNCHIMAGE_NAME = LaunchImage;
				CODE_SIGN_IDENTITY = "iPhone Developer";
				"CODE_SIGN_IDENTITY[sdk=iphoneos*]" = "iPhone Developer";
				GCC_PRECOMPILE_PREFIX_HEADER = YES;
				GCC_PREFIX_HEADER = "Music Project/Music Project-Prefix.pch";
				INFOPLIST_FILE = "Music Project/Music Project-Info.plist";
				PRODUCT_NAME = "$(TARGET_NAME)";
				PROVISIONING_PROFILE = "";
				WRAPPER_EXTENSION = app;
			};
			name = Release;
		};
		0220CB74182C977F006C10A8 /* Debug */ = {
			isa = XCBuildConfiguration;
			buildSettings = {
				ARCHS = "$(ARCHS_STANDARD_INCLUDING_64_BIT)";
				BUNDLE_LOADER = "$(BUILT_PRODUCTS_DIR)/Music Project.app/Music Project";
				FRAMEWORK_SEARCH_PATHS = (
					"$(SDKROOT)/Developer/Library/Frameworks",
					"$(inherited)",
					"$(DEVELOPER_FRAMEWORKS_DIR)",
				);
				GCC_PRECOMPILE_PREFIX_HEADER = YES;
				GCC_PREFIX_HEADER = "Music Project/Music Project-Prefix.pch";
				GCC_PREPROCESSOR_DEFINITIONS = (
					"DEBUG=1",
					"$(inherited)",
				);
				INFOPLIST_FILE = "Music ProjectTests/Music ProjectTests-Info.plist";
				PRODUCT_NAME = "$(TARGET_NAME)";
				TEST_HOST = "$(BUNDLE_LOADER)";
				WRAPPER_EXTENSION = xctest;
			};
			name = Debug;
		};
		0220CB75182C977F006C10A8 /* Release */ = {
			isa = XCBuildConfiguration;
			buildSettings = {
				ARCHS = "$(ARCHS_STANDARD_INCLUDING_64_BIT)";
				BUNDLE_LOADER = "$(BUILT_PRODUCTS_DIR)/Music Project.app/Music Project";
				FRAMEWORK_SEARCH_PATHS = (
					"$(SDKROOT)/Developer/Library/Frameworks",
					"$(inherited)",
					"$(DEVELOPER_FRAMEWORKS_DIR)",
				);
				GCC_PRECOMPILE_PREFIX_HEADER = YES;
				GCC_PREFIX_HEADER = "Music Project/Music Project-Prefix.pch";
				INFOPLIST_FILE = "Music ProjectTests/Music ProjectTests-Info.plist";
				PRODUCT_NAME = "$(TARGET_NAME)";
				TEST_HOST = "$(BUNDLE_LOADER)";
				WRAPPER_EXTENSION = xctest;
			};
			name = Release;
		};
/* End XCBuildConfiguration section */

/* Begin XCConfigurationList section */
		0220CB3F182C977F006C10A8 /* Build configuration list for PBXProject "Music Project" */ = {
			isa = XCConfigurationList;
			buildConfigurations = (
				0220CB6E182C977F006C10A8 /* Debug */,
				0220CB6F182C977F006C10A8 /* Release */,
			);
			defaultConfigurationIsVisible = 0;
			defaultConfigurationName = Release;
		};
		0220CB70182C977F006C10A8 /* Build configuration list for PBXNativeTarget "Music Project" */ = {
			isa = XCConfigurationList;
			buildConfigurations = (
				0220CB71182C977F006C10A8 /* Debug */,
				0220CB72182C977F006C10A8 /* Release */,
			);
			defaultConfigurationIsVisible = 0;
			defaultConfigurationName = Release;
		};
		0220CB73182C977F006C10A8 /* Build configuration list for PBXNativeTarget "Music ProjectTests" */ = {
			isa = XCConfigurationList;
			buildConfigurations = (
				0220CB74182C977F006C10A8 /* Debug */,
				0220CB75182C977F006C10A8 /* Release */,
			);
			defaultConfigurationIsVisible = 0;
			defaultConfigurationName = Release;
		};
/* End XCConfigurationList section */
	};
	rootObject = 0220CB3C182C977F006C10A8 /* Project object */;
}
